
Microsoft Visual Studio Solution File, Format Version 12.00
# Visual Studio Version 17
VisualStudioVersion = 17.14.36705.20 d17.14
MinimumVisualStudioVersion = 10.0.40219.1
Project("{FAE04EC0-301F-11D3-BF4B-00C04F79EFBC}") = "IF-ELSEIF-ELSE", "IF-ELSEIF-ELSE.csproj", "{1122A0C0-E476-49F7-9667-8FB01411CDEC}"
EndProject
Global
	GlobalSection(SolutionConfigurationPlatforms) = preSolution
		Debug|Any CPU = Debug|Any CPU
		Release|Any CPU = Release|Any CPU
	EndGlobalSection
	GlobalSection(ProjectConfigurationPlatforms) = postSolution
		{1122A0C0-E476-49F7-9667-8FB01411CDEC}.Debug|Any CPU.ActiveCfg = Debug|Any CPU
		{1122A0C0-E476-49F7-9667-8FB01411CDEC}.Debug|Any CPU.Build.0 = Debug|Any CPU
		{1122A0C0-E476-49F7-9667-8FB01411CDEC}.Release|Any CPU.ActiveCfg = Release|Any CPU
		{1122A0C0-E476-49F7-9667-8FB01411CDEC}.Release|Any CPU.Build.0 = Release|Any CPU
	EndGlobalSection
	GlobalSection(SolutionProperties) = preSolution
		HideSolutionNode = FALSE
	EndGlobalSection
	GlobalSection(ExtensibilityGlobals) = postSolution
		SolutionGuid = {80300ED9-7EB2-479F-BAC5-D8A454C5BEF9}
	EndGlobalSection
EndGlobal
