
Microsoft Visual Studio Solution File, Format Version 12.00
# Visual Studio Version 17
VisualStudioVersion = 17.13.35913.81 d17.13
MinimumVisualStudioVersion = 10.0.40219.1
Project("{FAE04EC0-301F-11D3-BF4B-00C04F79EFBC}") = "meetoditetöö", "meetoditetöö.csproj", "{205CEA15-7C22-451C-8874-3330FB578D2E}"
EndProject
Global
	GlobalSection(SolutionConfigurationPlatforms) = preSolution
		Debug|Any CPU = Debug|Any CPU
		Release|Any CPU = Release|Any CPU
	EndGlobalSection
	GlobalSection(ProjectConfigurationPlatforms) = postSolution
		{205CEA15-7C22-451C-8874-3330FB578D2E}.Debug|Any CPU.ActiveCfg = Debug|Any CPU
		{205CEA15-7C22-451C-8874-3330FB578D2E}.Debug|Any CPU.Build.0 = Debug|Any CPU
		{205CEA15-7C22-451C-8874-3330FB578D2E}.Release|Any CPU.ActiveCfg = Release|Any CPU
		{205CEA15-7C22-451C-8874-3330FB578D2E}.Release|Any CPU.Build.0 = Release|Any CPU
	EndGlobalSection
	GlobalSection(SolutionProperties) = preSolution
		HideSolutionNode = FALSE
	EndGlobalSection
	GlobalSection(ExtensibilityGlobals) = postSolution
		SolutionGuid = {658F1FA2-155D-4628-A60C-B7F62BFE593C}
	EndGlobalSection
EndGlobal
