
Microsoft Visual Studio Solution File, Format Version 12.00
# Visual Studio Version 17
VisualStudioVersion = 17.14.36705.20 d17.14
MinimumVisualStudioVersion = 10.0.40219.1
Project("{FAE04EC0-301F-11D3-BF4B-00C04F79EFBC}") = "LOGICOPERATOR", "LOGICOPERATOR.csproj", "{EE766C5F-AD88-486E-85CE-44A1E3F04A6C}"
EndProject
Global
	GlobalSection(SolutionConfigurationPlatforms) = preSolution
		Debug|Any CPU = Debug|Any CPU
		Release|Any CPU = Release|Any CPU
	EndGlobalSection
	GlobalSection(ProjectConfigurationPlatforms) = postSolution
		{EE766C5F-AD88-486E-85CE-44A1E3F04A6C}.Debug|Any CPU.ActiveCfg = Debug|Any CPU
		{EE766C5F-AD88-486E-85CE-44A1E3F04A6C}.Debug|Any CPU.Build.0 = Debug|Any CPU
		{EE766C5F-AD88-486E-85CE-44A1E3F04A6C}.Release|Any CPU.ActiveCfg = Release|Any CPU
		{EE766C5F-AD88-486E-85CE-44A1E3F04A6C}.Release|Any CPU.Build.0 = Release|Any CPU
	EndGlobalSection
	GlobalSection(SolutionProperties) = preSolution
		HideSolutionNode = FALSE
	EndGlobalSection
	GlobalSection(ExtensibilityGlobals) = postSolution
		SolutionGuid = {854B892A-3957-481C-BD3C-7BE30CEEC8AC}
	EndGlobalSection
EndGlobal
