
Microsoft Visual Studio Solution File, Format Version 12.00
# Visual Studio Version 17
VisualStudioVersion = 17.14.36705.20 d17.14
MinimumVisualStudioVersion = 10.0.40219.1
Project("{FAE04EC0-301F-11D3-BF4B-00C04F79EFBC}") = "SWITCHCASE", "SWITCHCASE.csproj", "{8888E099-EA48-4B84-8A8E-8AD7B2C10359}"
EndProject
Global
	GlobalSection(SolutionConfigurationPlatforms) = preSolution
		Debug|Any CPU = Debug|Any CPU
		Release|Any CPU = Release|Any CPU
	EndGlobalSection
	GlobalSection(ProjectConfigurationPlatforms) = postSolution
		{8888E099-EA48-4B84-8A8E-8AD7B2C10359}.Debug|Any CPU.ActiveCfg = Debug|Any CPU
		{8888E099-EA48-4B84-8A8E-8AD7B2C10359}.Debug|Any CPU.Build.0 = Debug|Any CPU
		{8888E099-EA48-4B84-8A8E-8AD7B2C10359}.Release|Any CPU.ActiveCfg = Release|Any CPU
		{8888E099-EA48-4B84-8A8E-8AD7B2C10359}.Release|Any CPU.Build.0 = Release|Any CPU
	EndGlobalSection
	GlobalSection(SolutionProperties) = preSolution
		HideSolutionNode = FALSE
	EndGlobalSection
	GlobalSection(ExtensibilityGlobals) = postSolution
		SolutionGuid = {096B058F-A59A-4D1E-A92D-6CB093F65EF6}
	EndGlobalSection
EndGlobal
