
Microsoft Visual Studio Solution File, Format Version 12.00
# Visual Studio Version 17
VisualStudioVersion = 17.13.35913.81 d17.13
MinimumVisualStudioVersion = 10.0.40219.1
Project("{FAE04EC0-301F-11D3-BF4B-00C04F79EFBC}") = "Meetod1", "Meetod1.csproj", "{68AA7871-82B7-4D23-B69B-61B494CEADB5}"
EndProject
Global
	GlobalSection(SolutionConfigurationPlatforms) = preSolution
		Debug|Any CPU = Debug|Any CPU
		Release|Any CPU = Release|Any CPU
	EndGlobalSection
	GlobalSection(ProjectConfigurationPlatforms) = postSolution
		{68AA7871-82B7-4D23-B69B-61B494CEADB5}.Debug|Any CPU.ActiveCfg = Debug|Any CPU
		{68AA7871-82B7-4D23-B69B-61B494CEADB5}.Debug|Any CPU.Build.0 = Debug|Any CPU
		{68AA7871-82B7-4D23-B69B-61B494CEADB5}.Release|Any CPU.ActiveCfg = Release|Any CPU
		{68AA7871-82B7-4D23-B69B-61B494CEADB5}.Release|Any CPU.Build.0 = Release|Any CPU
	EndGlobalSection
	GlobalSection(SolutionProperties) = preSolution
		HideSolutionNode = FALSE
	EndGlobalSection
	GlobalSection(ExtensibilityGlobals) = postSolution
		SolutionGuid = {89F173DA-D766-4FEF-A837-3E1CC1E7EB7C}
	EndGlobalSection
EndGlobal
