
Microsoft Visual Studio Solution File, Format Version 12.00
# Visual Studio Version 17
VisualStudioVersion = 17.14.36705.20 d17.14
MinimumVisualStudioVersion = 10.0.40219.1
Project("{FAE04EC0-301F-11D3-BF4B-00C04F79EFBC}") = "VARIABLES", "VARIABLES.csproj", "{7F6BFA83-AB68-4CF9-B760-51BE35857CDF}"
EndProject
Global
	GlobalSection(SolutionConfigurationPlatforms) = preSolution
		Debug|Any CPU = Debug|Any CPU
		Release|Any CPU = Release|Any CPU
	EndGlobalSection
	GlobalSection(ProjectConfigurationPlatforms) = postSolution
		{7F6BFA83-AB68-4CF9-B760-51BE35857CDF}.Debug|Any CPU.ActiveCfg = Debug|Any CPU
		{7F6BFA83-AB68-4CF9-B760-51BE35857CDF}.Debug|Any CPU.Build.0 = Debug|Any CPU
		{7F6BFA83-AB68-4CF9-B760-51BE35857CDF}.Release|Any CPU.ActiveCfg = Release|Any CPU
		{7F6BFA83-AB68-4CF9-B760-51BE35857CDF}.Release|Any CPU.Build.0 = Release|Any CPU
	EndGlobalSection
	GlobalSection(SolutionProperties) = preSolution
		HideSolutionNode = FALSE
	EndGlobalSection
	GlobalSection(ExtensibilityGlobals) = postSolution
		SolutionGuid = {86AFD150-B2B2-4ABD-879B-E590179E6F74}
	EndGlobalSection
EndGlobal
